
Microsoft Visual Studio Solution File, Format Version 12.00
# Visual Studio 15
VisualStudioVersion = 15.0.28307.421
MinimumVisualStudioVersion = 10.0.40219.1
Project("{FAE04EC0-301F-11D3-BF4B-00C04F79EFBC}") = "RTS_Game", "RTS_Game\RTS_Game.csproj", "{AD0704A2-1599-4DCB-BF99-8200A01083E4}"
EndProject
Global
	GlobalSection(SolutionConfigurationPlatforms) = preSolution
		Debug|Any CPU = Debug|Any CPU
		Release|Any CPU = Release|Any CPU
	EndGlobalSection
	GlobalSection(ProjectConfigurationPlatforms) = postSolution
		{AD0704A2-1599-4DCB-BF99-8200A01083E4}.Debug|Any CPU.ActiveCfg = Debug|Any CPU
		{AD0704A2-1599-4DCB-BF99-8200A01083E4}.Debug|Any CPU.Build.0 = Debug|Any CPU
		{AD0704A2-1599-4DCB-BF99-8200A01083E4}.Release|Any CPU.ActiveCfg = Release|Any CPU
		{AD0704A2-1599-4DCB-BF99-8200A01083E4}.Release|Any CPU.Build.0 = Release|Any CPU
	EndGlobalSection
	GlobalSection(SolutionProperties) = preSolution
		HideSolutionNode = FALSE
	EndGlobalSection
	GlobalSection(ExtensibilityGlobals) = postSolution
		SolutionGuid = {4DCE2C51-3E0B-4E18-92C1-8824EAF8031A}
	EndGlobalSection
EndGlobal
